
Microsoft Visual Studio Solution File, Format Version 12.00
# Visual Studio 15
VisualStudioVersion = 15.0.26430.14
MinimumVisualStudioVersion = 10.0.40219.1
Project("{FAE04EC0-301F-11D3-BF4B-00C04F79EFBC}") = "spooky card", "spooky card\spooky card.csproj", "{77E30120-3DC1-4A1E-BDD7-98F642AFD228}"
EndProject
Global
	GlobalSection(SolutionConfigurationPlatforms) = preSolution
		Debug|Any CPU = Debug|Any CPU
		Release|Any CPU = Release|Any CPU
	EndGlobalSection
	GlobalSection(ProjectConfigurationPlatforms) = postSolution
		{77E30120-3DC1-4A1E-BDD7-98F642AFD228}.Debug|Any CPU.ActiveCfg = Debug|Any CPU
		{77E30120-3DC1-4A1E-BDD7-98F642AFD228}.Debug|Any CPU.Build.0 = Debug|Any CPU
		{77E30120-3DC1-4A1E-BDD7-98F642AFD228}.Release|Any CPU.ActiveCfg = Release|Any CPU
		{77E30120-3DC1-4A1E-BDD7-98F642AFD228}.Release|Any CPU.Build.0 = Release|Any CPU
	EndGlobalSection
	GlobalSection(SolutionProperties) = preSolution
		HideSolutionNode = FALSE
	EndGlobalSection
EndGlobal
